# This file is autogenerated, do not edit; changes may be undone by the next 'dep ensure'.


[[projects]]
  branch = "master"
  digest = "1:95a5d3b703c5a42a670bae2643f87f9d1009051cf8657b628945fb4022ab4de0"
  name = "github.com/alibabacloud-go/debug"
  packages = ["debug"]
  pruneopts = "UT"
  revision = "9472017b5c6804c66e5d873fabd2a2a937b31e0b"

[[projects]]
  branch = "master"
  digest = "1:3587bbb18e3d5299dc0020733e2839138afb0a29456ffd4073a3962bb9966556"
  name = "golang.org/x/net"
  packages = [
    "internal/socks",
    "proxy",
  ]
  pruneopts = "UT"
  revision = "72f939374954d0a1b2a1e27dcda950e2724dd5c1"

[solve-meta]
  analyzer-name = "dep"
  analyzer-version = 1
  input-imports = [
    "github.com/alibabacloud-go/debug/debug",
    "golang.org/x/net/proxy",
  ]
  solver-name = "gps-cdcl"
  solver-version = 1
